
Microsoft Visual Studio Solution File, Format Version 12.00
# Visual Studio Version 17
VisualStudioVersion = 17.5.33530.505
MinimumVisualStudioVersion = 10.0.40219.1
Project("{FAE04EC0-301F-11D3-BF4B-00C04F79EFBC}") = "Cloud.Demo", "Cloud.Demo\Cloud.Demo.csproj", "{4E799E1A-9BAA-431C-8F78-EDB27F58D285}"
EndProject
Global
	GlobalSection(SolutionConfigurationPlatforms) = preSolution
		Debug|Any CPU = Debug|Any CPU
		Release|Any CPU = Release|Any CPU
	EndGlobalSection
	GlobalSection(ProjectConfigurationPlatforms) = postSolution
		{4E799E1A-9BAA-431C-8F78-EDB27F58D285}.Debug|Any CPU.ActiveCfg = Debug|Any CPU
		{4E799E1A-9BAA-431C-8F78-EDB27F58D285}.Debug|Any CPU.Build.0 = Debug|Any CPU
		{4E799E1A-9BAA-431C-8F78-EDB27F58D285}.Release|Any CPU.ActiveCfg = Release|Any CPU
		{4E799E1A-9BAA-431C-8F78-EDB27F58D285}.Release|Any CPU.Build.0 = Release|Any CPU
	EndGlobalSection
	GlobalSection(SolutionProperties) = preSolution
		HideSolutionNode = FALSE
	EndGlobalSection
	GlobalSection(ExtensibilityGlobals) = postSolution
		SolutionGuid = {2540EA4B-E9F8-40B5-B4F3-74CC7EF1499E}
	EndGlobalSection
EndGlobal
